
Microsoft Visual Studio Solution File, Format Version 12.00
# Visual Studio Version 16
VisualStudioVersion = 16.0.30907.101
MinimumVisualStudioVersion = 10.0.40219.1
Project("{FAE04EC0-301F-11D3-BF4B-00C04F79EFBC}") = "ReversiRestApi", "ReversiRestApi\ReversiRestApi.csproj", "{2EF7735E-7FFE-49C0-BD35-066007BBECDB}"
EndProject
Project("{FAE04EC0-301F-11D3-BF4B-00C04F79EFBC}") = "ReversiRestApiTest", "ReversiRestApiTest\ReversiRestApiTest.csproj", "{5D56BF90-40B8-4963-BFE1-8BDC7B8D87FF}"
EndProject
Global
	GlobalSection(SolutionConfigurationPlatforms) = preSolution
		Debug|Any CPU = Debug|Any CPU
		Release|Any CPU = Release|Any CPU
	EndGlobalSection
	GlobalSection(ProjectConfigurationPlatforms) = postSolution
		{2EF7735E-7FFE-49C0-BD35-066007BBECDB}.Debug|Any CPU.ActiveCfg = Debug|Any CPU
		{2EF7735E-7FFE-49C0-BD35-066007BBECDB}.Debug|Any CPU.Build.0 = Debug|Any CPU
		{2EF7735E-7FFE-49C0-BD35-066007BBECDB}.Release|Any CPU.ActiveCfg = Release|Any CPU
		{2EF7735E-7FFE-49C0-BD35-066007BBECDB}.Release|Any CPU.Build.0 = Release|Any CPU
		{5D56BF90-40B8-4963-BFE1-8BDC7B8D87FF}.Debug|Any CPU.ActiveCfg = Debug|Any CPU
		{5D56BF90-40B8-4963-BFE1-8BDC7B8D87FF}.Debug|Any CPU.Build.0 = Debug|Any CPU
		{5D56BF90-40B8-4963-BFE1-8BDC7B8D87FF}.Release|Any CPU.ActiveCfg = Release|Any CPU
		{5D56BF90-40B8-4963-BFE1-8BDC7B8D87FF}.Release|Any CPU.Build.0 = Release|Any CPU
	EndGlobalSection
	GlobalSection(SolutionProperties) = preSolution
		HideSolutionNode = FALSE
	EndGlobalSection
	GlobalSection(ExtensibilityGlobals) = postSolution
		SolutionGuid = {FA0CCB5E-96D1-491A-970E-789F3F2E64B4}
	EndGlobalSection
EndGlobal
